
Microsoft Visual Studio Solution File, Format Version 12.00
# Visual Studio Version 16
VisualStudioVersion = 16.0.31205.134
MinimumVisualStudioVersion = 10.0.40219.1
Project("{9A19103F-16F7-4668-BE54-9A1E7A4F7556}") = "WebApi-Serilog", "src\WebApi-Serilog\WebApi-Serilog.csproj", "{4B2CF57B-D731-464B-98DC-B692044645C0}"
EndProject
Project("{2150E333-8FDC-42A3-9474-1A3956D46DE8}") = "src", "src", "{9FE4751C-38DC-4517-92B0-7B251169F104}"
EndProject
Project("{2150E333-8FDC-42A3-9474-1A3956D46DE8}") = "test", "test", "{FDE9C2DB-3AB6-453F-992A-5BB9839F4DE0}"
EndProject
Global
	GlobalSection(SolutionConfigurationPlatforms) = preSolution
		Debug|Any CPU = Debug|Any CPU
		Release|Any CPU = Release|Any CPU
	EndGlobalSection
	GlobalSection(ProjectConfigurationPlatforms) = postSolution
		{4B2CF57B-D731-464B-98DC-B692044645C0}.Debug|Any CPU.ActiveCfg = Debug|Any CPU
		{4B2CF57B-D731-464B-98DC-B692044645C0}.Debug|Any CPU.Build.0 = Debug|Any CPU
		{4B2CF57B-D731-464B-98DC-B692044645C0}.Release|Any CPU.ActiveCfg = Release|Any CPU
		{4B2CF57B-D731-464B-98DC-B692044645C0}.Release|Any CPU.Build.0 = Release|Any CPU
	EndGlobalSection
	GlobalSection(SolutionProperties) = preSolution
		HideSolutionNode = FALSE
	EndGlobalSection
	GlobalSection(NestedProjects) = preSolution
		{4B2CF57B-D731-464B-98DC-B692044645C0} = {9FE4751C-38DC-4517-92B0-7B251169F104}
	EndGlobalSection
	GlobalSection(ExtensibilityGlobals) = postSolution
		SolutionGuid = {F8AF10E1-8E9A-4123-8A07-77BE5C5233B6}
	EndGlobalSection
EndGlobal
